// !$*UTF8*$!
{
	archiveVersion = 1;
	classes = {
	};
	objectVersion = 56;
	objects = {

/* Begin PBXBuildFile section */
		C2B438212AF3AE90008F7EA6 /* TwitterSwiftUIApp.swift in Sources */ = {isa = PBXBuildFile; fileRef = C2B438202AF3AE90008F7EA6 /* TwitterSwiftUIApp.swift */; };
		C2B438232AF3AE90008F7EA6 /* ContentView.swift in Sources */ = {isa = PBXBuildFile; fileRef = C2B438222AF3AE90008F7EA6 /* ContentView.swift */; };
		C2B438252AF3AE91008F7EA6 /* Assets.xcassets in Resources */ = {isa = PBXBuildFile; fileRef = C2B438242AF3AE91008F7EA6 /* Assets.xcassets */; };
		C2B438282AF3AE91008F7EA6 /* Preview Assets.xcassets in Resources */ = {isa = PBXBuildFile; fileRef = C2B438272AF3AE91008F7EA6 /* Preview Assets.xcassets */; };
		C2B438322AF3AE91008F7EA6 /* TwitterSwiftUITests.swift in Sources */ = {isa = PBXBuildFile; fileRef = C2B438312AF3AE91008F7EA6 /* TwitterSwiftUITests.swift */; };
		C2B4383C2AF3AE91008F7EA6 /* TwitterSwiftUIUITests.swift in Sources */ = {isa = PBXBuildFile; fileRef = C2B4383B2AF3AE91008F7EA6 /* TwitterSwiftUIUITests.swift */; };
		C2B4383E2AF3AE91008F7EA6 /* TwitterSwiftUIUITestsLaunchTests.swift in Sources */ = {isa = PBXBuildFile; fileRef = C2B4383D2AF3AE91008F7EA6 /* TwitterSwiftUIUITestsLaunchTests.swift */; };
/* End PBXBuildFile section */

/* Begin PBXContainerItemProxy section */
		C2B4382E2AF3AE91008F7EA6 /* PBXContainerItemProxy */ = {
			isa = PBXContainerItemProxy;
			containerPortal = C2B438152AF3AE90008F7EA6 /* Project object */;
			proxyType = 1;
			remoteGlobalIDString = C2B4381C2AF3AE90008F7EA6;
			remoteInfo = TwitterSwiftUI;
		};
		C2B438382AF3AE91008F7EA6 /* PBXContainerItemProxy */ = {
			isa = PBXContainerItemProxy;
			containerPortal = C2B438152AF3AE90008F7EA6 /* Project object */;
			proxyType = 1;
			remoteGlobalIDString = C2B4381C2AF3AE90008F7EA6;
			remoteInfo = TwitterSwiftUI;
		};
/* End PBXContainerItemProxy section */

/* Begin PBXFileReference section */
		C2B4381D2AF3AE90008F7EA6 /* TwitterSwiftUI.app */ = {isa = PBXFileReference; explicitFileType = wrapper.application; includeInIndex = 0; path = TwitterSwiftUI.app; sourceTree = BUILT_PRODUCTS_DIR; };
		C2B438202AF3AE90008F7EA6 /* TwitterSwiftUIApp.swift */ = {isa = PBXFileReference; lastKnownFileType = sourcecode.swift; path = TwitterSwiftUIApp.swift; sourceTree = "<group>"; };
		C2B438222AF3AE90008F7EA6 /* ContentView.swift */ = {isa = PBXFileReference; lastKnownFileType = sourcecode.swift; path = ContentView.swift; sourceTree = "<group>"; };
		C2B438242AF3AE91008F7EA6 /* Assets.xcassets */ = {isa = PBXFileReference; lastKnownFileType = folder.assetcatalog; path = Assets.xcassets; sourceTree = "<group>"; };
		C2B438272AF3AE91008F7EA6 /* Preview Assets.xcassets */ = {isa = PBXFileReference; lastKnownFileType = folder.assetcatalog; path = "Preview Assets.xcassets"; sourceTree = "<group>"; };
		C2B4382D2AF3AE91008F7EA6 /* TwitterSwiftUITests.xctest */ = {isa = PBXFileReference; explicitFileType = wrapper.cfbundle; includeInIndex = 0; path = TwitterSwiftUITests.xctest; sourceTree = BUILT_PRODUCTS_DIR; };
		C2B438312AF3AE91008F7EA6 /* TwitterSwiftUITests.swift */ = {isa = PBXFileReference; lastKnownFileType = sourcecode.swift; path = TwitterSwiftUITests.swift; sourceTree = "<group>"; };
		C2B438372AF3AE91008F7EA6 /* TwitterSwiftUIUITests.xctest */ = {isa = PBXFileReference; explicitFileType = wrapper.cfbundle; includeInIndex = 0; path = TwitterSwiftUIUITests.xctest; sourceTree = BUILT_PRODUCTS_DIR; };
		C2B4383B2AF3AE91008F7EA6 /* TwitterSwiftUIUITests.swift */ = {isa = PBXFileReference; lastKnownFileType = sourcecode.swift; path = TwitterSwiftUIUITests.swift; sourceTree = "<group>"; };
		C2B4383D2AF3AE91008F7EA6 /* TwitterSwiftUIUITestsLaunchTests.swift */ = {isa = PBXFileReference; lastKnownFileType = sourcecode.swift; path = TwitterSwiftUIUITestsLaunchTests.swift; sourceTree = "<group>"; };
/* End PBXFileReference section */

/* Begin PBXFrameworksBuildPhase section */
		C2B4381A2AF3AE90008F7EA6 /* Frameworks */ = {
			isa = PBXFrameworksBuildPhase;
			buildActionMask = 2147483647;
			files = (
			);
			runOnlyForDeploymentPostprocessing = 0;
		};
		C2B4382A2AF3AE91008F7EA6 /* Frameworks */ = {
			isa = PBXFrameworksBuildPhase;
			buildActionMask = 2147483647;
			files = (
			);
			runOnlyForDeploymentPostprocessing = 0;
		};
		C2B438342AF3AE91008F7EA6 /* Frameworks */ = {
			isa = PBXFrameworksBuildPhase;
			buildActionMask = 2147483647;
			files = (
			);
			runOnlyForDeploymentPostprocessing = 0;
		};
/* End PBXFrameworksBuildPhase section */

/* Begin PBXGroup section */
		C2B438142AF3AE90008F7EA6 = {
			isa = PBXGroup;
			children = (
				C2B4381F2AF3AE90008F7EA6 /* TwitterSwiftUI */,
				C2B438302AF3AE91008F7EA6 /* TwitterSwiftUITests */,
				C2B4383A2AF3AE91008F7EA6 /* TwitterSwiftUIUITests */,
				C2B4381E2AF3AE90008F7EA6 /* Products */,
			);
			sourceTree = "<group>";
		};
		C2B4381E2AF3AE90008F7EA6 /* Products */ = {
			isa = PBXGroup;
			children = (
				C2B4381D2AF3AE90008F7EA6 /* TwitterSwiftUI.app */,
				C2B4382D2AF3AE91008F7EA6 /* TwitterSwiftUITests.xctest */,
				C2B438372AF3AE91008F7EA6 /* TwitterSwiftUIUITests.xctest */,
			);
			name = Products;
			sourceTree = "<group>";
		};
		C2B4381F2AF3AE90008F7EA6 /* TwitterSwiftUI */ = {
			isa = PBXGroup;
			children = (
				C2B438202AF3AE90008F7EA6 /* TwitterSwiftUIApp.swift */,
				C2B438222AF3AE90008F7EA6 /* ContentView.swift */,
				C2B438242AF3AE91008F7EA6 /* Assets.xcassets */,
				C2B438262AF3AE91008F7EA6 /* Preview Content */,
			);
			path = TwitterSwiftUI;
			sourceTree = "<group>";
		};
		C2B438262AF3AE91008F7EA6 /* Preview Content */ = {
			isa = PBXGroup;
			children = (
				C2B438272AF3AE91008F7EA6 /* Preview Assets.xcassets */,
			);
			path = "Preview Content";
			sourceTree = "<group>";
		};
		C2B438302AF3AE91008F7EA6 /* TwitterSwiftUITests */ = {
			isa = PBXGroup;
			children = (
				C2B438312AF3AE91008F7EA6 /* TwitterSwiftUITests.swift */,
			);
			path = TwitterSwiftUITests;
			sourceTree = "<group>";
		};
		C2B4383A2AF3AE91008F7EA6 /* TwitterSwiftUIUITests */ = {
			isa = PBXGroup;
			children = (
				C2B4383B2AF3AE91008F7EA6 /* TwitterSwiftUIUITests.swift */,
				C2B4383D2AF3AE91008F7EA6 /* TwitterSwiftUIUITestsLaunchTests.swift */,
			);
			path = TwitterSwiftUIUITests;
			sourceTree = "<group>";
		};
/* End PBXGroup section */

/* Begin PBXNativeTarget section */
		C2B4381C2AF3AE90008F7EA6 /* TwitterSwiftUI */ = {
			isa = PBXNativeTarget;
			buildConfigurationList = C2B438412AF3AE91008F7EA6 /* Build configuration list for PBXNativeTarget "TwitterSwiftUI" */;
			buildPhases = (
				C2B438192AF3AE90008F7EA6 /* Sources */,
				C2B4381A2AF3AE90008F7EA6 /* Frameworks */,
				C2B4381B2AF3AE90008F7EA6 /* Resources */,
			);
			buildRules = (
			);
			dependencies = (
			);
			name = TwitterSwiftUI;
			productName = TwitterSwiftUI;
			productReference = C2B4381D2AF3AE90008F7EA6 /* TwitterSwiftUI.app */;
			productType = "com.apple.product-type.application";
		};
		C2B4382C2AF3AE91008F7EA6 /* TwitterSwiftUITests */ = {
			isa = PBXNativeTarget;
			buildConfigurationList = C2B438442AF3AE91008F7EA6 /* Build configuration list for PBXNativeTarget "TwitterSwiftUITests" */;
			buildPhases = (
				C2B438292AF3AE91008F7EA6 /* Sources */,
				C2B4382A2AF3AE91008F7EA6 /* Frameworks */,
				C2B4382B2AF3AE91008F7EA6 /* Resources */,
			);
			buildRules = (
			);
			dependencies = (
				C2B4382F2AF3AE91008F7EA6 /* PBXTargetDependency */,
			);
			name = TwitterSwiftUITests;
			productName = TwitterSwiftUITests;
			productReference = C2B4382D2AF3AE91008F7EA6 /* TwitterSwiftUITests.xctest */;
			productType = "com.apple.product-type.bundle.unit-test";
		};
		C2B438362AF3AE91008F7EA6 /* TwitterSwiftUIUITests */ = {
			isa = PBXNativeTarget;
			buildConfigurationList = C2B438472AF3AE91008F7EA6 /* Build configuration list for PBXNativeTarget "TwitterSwiftUIUITests" */;
			buildPhases = (
				C2B438332AF3AE91008F7EA6 /* Sources */,
				C2B438342AF3AE91008F7EA6 /* Frameworks */,
				C2B438352AF3AE91008F7EA6 /* Resources */,
			);
			buildRules = (
			);
			dependencies = (
				C2B438392AF3AE91008F7EA6 /* PBXTargetDependency */,
			);
			name = TwitterSwiftUIUITests;
			productName = TwitterSwiftUIUITests;
			productReference = C2B438372AF3AE91008F7EA6 /* TwitterSwiftUIUITests.xctest */;
			productType = "com.apple.product-type.bundle.ui-testing";
		};
/* End PBXNativeTarget section */

/* Begin PBXProject section */
		C2B438152AF3AE90008F7EA6 /* Project object */ = {
			isa = PBXProject;
			attributes = {
				BuildIndependentTargetsInParallel = 1;
				LastSwiftUpdateCheck = 1500;
				LastUpgradeCheck = 1500;
				TargetAttributes = {
					C2B4381C2AF3AE90008F7EA6 = {
						CreatedOnToolsVersion = 15.0;
					};
					C2B4382C2AF3AE91008F7EA6 = {
						CreatedOnToolsVersion = 15.0;
						TestTargetID = C2B4381C2AF3AE90008F7EA6;
					};
					C2B438362AF3AE91008F7EA6 = {
						CreatedOnToolsVersion = 15.0;
						TestTargetID = C2B4381C2AF3AE90008F7EA6;
					};
				};
			};
			buildConfigurationList = C2B438182AF3AE90008F7EA6 /* Build configuration list for PBXProject "TwitterSwiftUI" */;
			compatibilityVersion = "Xcode 14.0";
			developmentRegion = en;
			hasScannedForEncodings = 0;
			knownRegions = (
				en,
				Base,
			);
			mainGroup = C2B438142AF3AE90008F7EA6;
			productRefGroup = C2B4381E2AF3AE90008F7EA6 /* Products */;
			projectDirPath = "";
			projectRoot = "";
			targets = (
				C2B4381C2AF3AE90008F7EA6 /* TwitterSwiftUI */,
				C2B4382C2AF3AE91008F7EA6 /* TwitterSwiftUITests */,
				C2B438362AF3AE91008F7EA6 /* TwitterSwiftUIUITests */,
			);
		};
/* End PBXProject section */

/* Begin PBXResourcesBuildPhase section */
		C2B4381B2AF3AE90008F7EA6 /* Resources */ = {
			isa = PBXResourcesBuildPhase;
			buildActionMask = 2147483647;
			files = (
				C2B438282AF3AE91008F7EA6 /* Preview Assets.xcassets in Resources */,
				C2B438252AF3AE91008F7EA6 /* Assets.xcassets in Resources */,
			);
			runOnlyForDeploymentPostprocessing = 0;
		};
		C2B4382B2AF3AE91008F7EA6 /* Resources */ = {
			isa = PBXResourcesBuildPhase;
			buildActionMask = 2147483647;
			files = (
			);
			runOnlyForDeploymentPostprocessing = 0;
		};
		C2B438352AF3AE91008F7EA6 /* Resources */ = {
			isa = PBXResourcesBuildPhase;
			buildActionMask = 2147483647;
			files = (
			);
			runOnlyForDeploymentPostprocessing = 0;
		};
/* End PBXResourcesBuildPhase section */

/* Begin PBXSourcesBuildPhase section */
		C2B438192AF3AE90008F7EA6 /* Sources */ = {
			isa = PBXSourcesBuildPhase;
			buildActionMask = 2147483647;
			files = (
				C2B438232AF3AE90008F7EA6 /* ContentView.swift in Sources */,
				C2B438212AF3AE90008F7EA6 /* TwitterSwiftUIApp.swift in Sources */,
			);
			runOnlyForDeploymentPostprocessing = 0;
		};
		C2B438292AF3AE91008F7EA6 /* Sources */ = {
			isa = PBXSourcesBuildPhase;
			buildActionMask = 2147483647;
			files = (
				C2B438322AF3AE91008F7EA6 /* TwitterSwiftUITests.swift in Sources */,
			);
			runOnlyForDeploymentPostprocessing = 0;
		};
		C2B438332AF3AE91008F7EA6 /* Sources */ = {
			isa = PBXSourcesBuildPhase;
			buildActionMask = 2147483647;
			files = (
				C2B4383E2AF3AE91008F7EA6 /* TwitterSwiftUIUITestsLaunchTests.swift in Sources */,
				C2B4383C2AF3AE91008F7EA6 /* TwitterSwiftUIUITests.swift in Sources */,
			);
			runOnlyForDeploymentPostprocessing = 0;
		};
/* End PBXSourcesBuildPhase section */

/* Begin PBXTargetDependency section */
		C2B4382F2AF3AE91008F7EA6 /* PBXTargetDependency */ = {
			isa = PBXTargetDependency;
			target = C2B4381C2AF3AE90008F7EA6 /* TwitterSwiftUI */;
			targetProxy = C2B4382E2AF3AE91008F7EA6 /* PBXContainerItemProxy */;
		};
		C2B438392AF3AE91008F7EA6 /* PBXTargetDependency */ = {
			isa = PBXTargetDependency;
			target = C2B4381C2AF3AE90008F7EA6 /* TwitterSwiftUI */;
			targetProxy = C2B438382AF3AE91008F7EA6 /* PBXContainerItemProxy */;
		};
/* End PBXTargetDependency section */

/* Begin XCBuildConfiguration section */
		C2B4383F2AF3AE91008F7EA6 /* Debug */ = {
			isa = XCBuildConfiguration;
			buildSettings = {
				ALWAYS_SEARCH_USER_PATHS = NO;
				ASSETCATALOG_COMPILER_GENERATE_SWIFT_ASSET_SYMBOL_EXTENSIONS = YES;
				CLANG_ANALYZER_NONNULL = YES;
				CLANG_ANALYZER_NUMBER_OBJECT_CONVERSION = YES_AGGRESSIVE;
				CLANG_CXX_LANGUAGE_STANDARD = "gnu++20";
				CLANG_ENABLE_MODULES = YES;
				CLANG_ENABLE_OBJC_ARC = YES;
				CLANG_ENABLE_OBJC_WEAK = YES;
				CLANG_WARN_BLOCK_CAPTURE_AUTORELEASING = YES;
				CLANG_WARN_BOOL_CONVERSION = YES;
				CLANG_WARN_COMMA = YES;
				CLANG_WARN_CONSTANT_CONVERSION = YES;
				CLANG_WARN_DEPRECATED_OBJC_IMPLEMENTATIONS = YES;
				CLANG_WARN_DIRECT_OBJC_ISA_USAGE = YES_ERROR;
				CLANG_WARN_DOCUMENTATION_COMMENTS = YES;
				CLANG_WARN_EMPTY_BODY = YES;
				CLANG_WARN_ENUM_CONVERSION = YES;
				CLANG_WARN_INFINITE_RECURSION = YES;
				CLANG_WARN_INT_CONVERSION = YES;
				CLANG_WARN_NON_LITERAL_NULL_CONVERSION = YES;
				CLANG_WARN_OBJC_IMPLICIT_RETAIN_SELF = YES;
				CLANG_WARN_OBJC_LITERAL_CONVERSION = YES;
				CLANG_WARN_OBJC_ROOT_CLASS = YES_ERROR;
				CLANG_WARN_QUOTED_INCLUDE_IN_FRAMEWORK_HEADER = YES;
				CLANG_WARN_RANGE_LOOP_ANALYSIS = YES;
				CLANG_WARN_STRICT_PROTOTYPES = YES;
				CLANG_WARN_SUSPICIOUS_MOVE = YES;
				CLANG_WARN_UNGUARDED_AVAILABILITY = YES_AGGRESSIVE;
				CLANG_WARN_UNREACHABLE_CODE = YES;
				CLANG_WARN__DUPLICATE_METHOD_MATCH = YES;
				COPY_PHASE_STRIP = NO;
				DEBUG_INFORMATION_FORMAT = dwarf;
				ENABLE_STRICT_OBJC_MSGSEND = YES;
				ENABLE_TESTABILITY = YES;
				ENABLE_USER_SCRIPT_SANDBOXING = YES;
				GCC_C_LANGUAGE_STANDARD = gnu17;
				GCC_DYNAMIC_NO_PIC = NO;
				GCC_NO_COMMON_BLOCKS = YES;
				GCC_OPTIMIZATION_LEVEL = 0;
				GCC_PREPROCESSOR_DEFINITIONS = (
					"DEBUG=1",
					"$(inherited)",
				);
				GCC_WARN_64_TO_32_BIT_CONVERSION = YES;
				GCC_WARN_ABOUT_RETURN_TYPE = YES_ERROR;
				GCC_WARN_UNDECLARED_SELECTOR = YES;
				GCC_WARN_UNINITIALIZED_AUTOS = YES_AGGRESSIVE;
				GCC_WARN_UNUSED_FUNCTION = YES;
				GCC_WARN_UNUSED_VARIABLE = YES;
				IPHONEOS_DEPLOYMENT_TARGET = 17.0;
				LOCALIZATION_PREFERS_STRING_CATALOGS = YES;
				MTL_ENABLE_DEBUG_INFO = INCLUDE_SOURCE;
				MTL_FAST_MATH = YES;
				ONLY_ACTIVE_ARCH = YES;
				SDKROOT = iphoneos;
				SWIFT_ACTIVE_COMPILATION_CONDITIONS = "DEBUG $(inherited)";
				SWIFT_OPTIMIZATION_LEVEL = "-Onone";
			};
			name = Debug;
		};
		C2B438402AF3AE91008F7EA6 /* Release */ = {
			isa = XCBuildConfiguration;
			buildSettings = {
				ALWAYS_SEARCH_USER_PATHS = NO;
				ASSETCATALOG_COMPILER_GENERATE_SWIFT_ASSET_SYMBOL_EXTENSIONS = YES;
				CLANG_ANALYZER_NONNULL = YES;
				CLANG_ANALYZER_NUMBER_OBJECT_CONVERSION = YES_AGGRESSIVE;
				CLANG_CXX_LANGUAGE_STANDARD = "gnu++20";
				CLANG_ENABLE_MODULES = YES;
				CLANG_ENABLE_OBJC_ARC = YES;
				CLANG_ENABLE_OBJC_WEAK = YES;
				CLANG_WARN_BLOCK_CAPTURE_AUTORELEASING = YES;
				CLANG_WARN_BOOL_CONVERSION = YES;
				CLANG_WARN_COMMA = YES;
				CLANG_WARN_CONSTANT_CONVERSION = YES;
				CLANG_WARN_DEPRECATED_OBJC_IMPLEMENTATIONS = YES;
				CLANG_WARN_DIRECT_OBJC_ISA_USAGE = YES_ERROR;
				CLANG_WARN_DOCUMENTATION_COMMENTS = YES;
				CLANG_WARN_EMPTY_BODY = YES;
				CLANG_WARN_ENUM_CONVERSION = YES;
				CLANG_WARN_INFINITE_RECURSION = YES;
				CLANG_WARN_INT_CONVERSION = YES;
				CLANG_WARN_NON_LITERAL_NULL_CONVERSION = YES;
				CLANG_WARN_OBJC_IMPLICIT_RETAIN_SELF = YES;
				CLANG_WARN_OBJC_LITERAL_CONVERSION = YES;
				CLANG_WARN_OBJC_ROOT_CLASS = YES_ERROR;
				CLANG_WARN_QUOTED_INCLUDE_IN_FRAMEWORK_HEADER = YES;
				CLANG_WARN_RANGE_LOOP_ANALYSIS = YES;
				CLANG_WARN_STRICT_PROTOTYPES = YES;
				CLANG_WARN_SUSPICIOUS_MOVE = YES;
				CLANG_WARN_UNGUARDED_AVAILABILITY = YES_AGGRESSIVE;
				CLANG_WARN_UNREACHABLE_CODE = YES;
				CLANG_WARN__DUPLICATE_METHOD_MATCH = YES;
				COPY_PHASE_STRIP = NO;
				DEBUG_INFORMATION_FORMAT = "dwarf-with-dsym";
				ENABLE_NS_ASSERTIONS = NO;
				ENABLE_STRICT_OBJC_MSGSEND = YES;
				ENABLE_USER_SCRIPT_SANDBOXING = YES;
				GCC_C_LANGUAGE_STANDARD = gnu17;
				GCC_NO_COMMON_BLOCKS = YES;
				GCC_WARN_64_TO_32_BIT_CONVERSION = YES;
				GCC_WARN_ABOUT_RETURN_TYPE = YES_ERROR;
				GCC_WARN_UNDECLARED_SELECTOR = YES;
				GCC_WARN_UNINITIALIZED_AUTOS = YES_AGGRESSIVE;
				GCC_WARN_UNUSED_FUNCTION = YES;
				GCC_WARN_UNUSED_VARIABLE = YES;
				IPHONEOS_DEPLOYMENT_TARGET = 17.0;
				LOCALIZATION_PREFERS_STRING_CATALOGS = YES;
				MTL_ENABLE_DEBUG_INFO = NO;
				MTL_FAST_MATH = YES;
				SDKROOT = iphoneos;
				SWIFT_COMPILATION_MODE = wholemodule;
				VALIDATE_PRODUCT = YES;
			};
			name = Release;
		};
		C2B438422AF3AE91008F7EA6 /* Debug */ = {
			isa = XCBuildConfiguration;
			buildSettings = {
				ASSETCATALOG_COMPILER_APPICON_NAME = AppIcon;
				ASSETCATALOG_COMPILER_GLOBAL_ACCENT_COLOR_NAME = AccentColor;
				CODE_SIGN_STYLE = Automatic;
				CURRENT_PROJECT_VERSION = 1;
				DEVELOPMENT_ASSET_PATHS = "\"TwitterSwiftUI/Preview Content\"";
				DEVELOPMENT_TEAM = VYAJJN8S73;
				ENABLE_PREVIEWS = YES;
				GENERATE_INFOPLIST_FILE = YES;
				INFOPLIST_KEY_UIApplicationSceneManifest_Generation = YES;
				INFOPLIST_KEY_UIApplicationSupportsIndirectInputEvents = YES;
				INFOPLIST_KEY_UILaunchScreen_Generation = YES;
				INFOPLIST_KEY_UISupportedInterfaceOrientations_iPad = "UIInterfaceOrientationPortrait UIInterfaceOrientationPortraitUpsideDown UIInterfaceOrientationLandscapeLeft UIInterfaceOrientationLandscapeRight";
				INFOPLIST_KEY_UISupportedInterfaceOrientations_iPhone = "UIInterfaceOrientationPortrait UIInterfaceOrientationLandscapeLeft UIInterfaceOrientationLandscapeRight";
				LD_RUNPATH_SEARCH_PATHS = (
					"$(inherited)",
					"@executable_path/Frameworks",
				);
				MARKETING_VERSION = 1.0;
				PRODUCT_BUNDLE_IDENTIFIER = com.vivekios.TwitterSwiftUI;
				PRODUCT_NAME = "$(TARGET_NAME)";
				SWIFT_EMIT_LOC_STRINGS = YES;
				SWIFT_VERSION = 5.0;
				TARGETED_DEVICE_FAMILY = "1,2";
			};
			name = Debug;
		};
		C2B438432AF3AE91008F7EA6 /* Release */ = {
			isa = XCBuildConfiguration;
			buildSettings = {
				ASSETCATALOG_COMPILER_APPICON_NAME = AppIcon;
				ASSETCATALOG_COMPILER_GLOBAL_ACCENT_COLOR_NAME = AccentColor;
				CODE_SIGN_STYLE = Automatic;
				CURRENT_PROJECT_VERSION = 1;
				DEVELOPMENT_ASSET_PATHS = "\"TwitterSwiftUI/Preview Content\"";
				DEVELOPMENT_TEAM = VYAJJN8S73;
				ENABLE_PREVIEWS = YES;
				GENERATE_INFOPLIST_FILE = YES;
				INFOPLIST_KEY_UIApplicationSceneManifest_Generation = YES;
				INFOPLIST_KEY_UIApplicationSupportsIndirectInputEvents = YES;
				INFOPLIST_KEY_UILaunchScreen_Generation = YES;
				INFOPLIST_KEY_UISupportedInterfaceOrientations_iPad = "UIInterfaceOrientationPortrait UIInterfaceOrientationPortraitUpsideDown UIInterfaceOrientationLandscapeLeft UIInterfaceOrientationLandscapeRight";
				INFOPLIST_KEY_UISupportedInterfaceOrientations_iPhone = "UIInterfaceOrientationPortrait UIInterfaceOrientationLandscapeLeft UIInterfaceOrientationLandscapeRight";
				LD_RUNPATH_SEARCH_PATHS = (
					"$(inherited)",
					"@executable_path/Frameworks",
				);
				MARKETING_VERSION = 1.0;
				PRODUCT_BUNDLE_IDENTIFIER = com.vivekios.TwitterSwiftUI;
				PRODUCT_NAME = "$(TARGET_NAME)";
				SWIFT_EMIT_LOC_STRINGS = YES;
				SWIFT_VERSION = 5.0;
				TARGETED_DEVICE_FAMILY = "1,2";
			};
			name = Release;
		};
		C2B438452AF3AE91008F7EA6 /* Debug */ = {
			isa = XCBuildConfiguration;
			buildSettings = {
				ALWAYS_EMBED_SWIFT_STANDARD_LIBRARIES = YES;
				BUNDLE_LOADER = "$(TEST_HOST)";
				CODE_SIGN_STYLE = Automatic;
				CURRENT_PROJECT_VERSION = 1;
				DEVELOPMENT_TEAM = VYAJJN8S73;
				GENERATE_INFOPLIST_FILE = YES;
				IPHONEOS_DEPLOYMENT_TARGET = 17.0;
				MARKETING_VERSION = 1.0;
				PRODUCT_BUNDLE_IDENTIFIER = com.vivekios.TwitterSwiftUITests;
				PRODUCT_NAME = "$(TARGET_NAME)";
				SWIFT_EMIT_LOC_STRINGS = NO;
				SWIFT_VERSION = 5.0;
				TARGETED_DEVICE_FAMILY = "1,2";
				TEST_HOST = "$(BUILT_PRODUCTS_DIR)/TwitterSwiftUI.app/$(BUNDLE_EXECUTABLE_FOLDER_PATH)/TwitterSwiftUI";
			};
			name = Debug;
		};
		C2B438462AF3AE91008F7EA6 /* Release */ = {
			isa = XCBuildConfiguration;
			buildSettings = {
				ALWAYS_EMBED_SWIFT_STANDARD_LIBRARIES = YES;
				BUNDLE_LOADER = "$(TEST_HOST)";
				CODE_SIGN_STYLE = Automatic;
				CURRENT_PROJECT_VERSION = 1;
				DEVELOPMENT_TEAM = VYAJJN8S73;
				GENERATE_INFOPLIST_FILE = YES;
				IPHONEOS_DEPLOYMENT_TARGET = 17.0;
				MARKETING_VERSION = 1.0;
				PRODUCT_BUNDLE_IDENTIFIER = com.vivekios.TwitterSwiftUITests;
				PRODUCT_NAME = "$(TARGET_NAME)";
				SWIFT_EMIT_LOC_STRINGS = NO;
				SWIFT_VERSION = 5.0;
				TARGETED_DEVICE_FAMILY = "1,2";
				TEST_HOST = "$(BUILT_PRODUCTS_DIR)/TwitterSwiftUI.app/$(BUNDLE_EXECUTABLE_FOLDER_PATH)/TwitterSwiftUI";
			};
			name = Release;
		};
		C2B438482AF3AE91008F7EA6 /* Debug */ = {
			isa = XCBuildConfiguration;
			buildSettings = {
				ALWAYS_EMBED_SWIFT_STANDARD_LIBRARIES = YES;
				CODE_SIGN_STYLE = Automatic;
				CURRENT_PROJECT_VERSION = 1;
				DEVELOPMENT_TEAM = VYAJJN8S73;
				GENERATE_INFOPLIST_FILE = YES;
				MARKETING_VERSION = 1.0;
				PRODUCT_BUNDLE_IDENTIFIER = com.vivekios.TwitterSwiftUIUITests;
				PRODUCT_NAME = "$(TARGET_NAME)";
				SWIFT_EMIT_LOC_STRINGS = NO;
				SWIFT_VERSION = 5.0;
				TARGETED_DEVICE_FAMILY = "1,2";
				TEST_TARGET_NAME = TwitterSwiftUI;
			};
			name = Debug;
		};
		C2B438492AF3AE91008F7EA6 /* Release */ = {
			isa = XCBuildConfiguration;
			buildSettings = {
				ALWAYS_EMBED_SWIFT_STANDARD_LIBRARIES = YES;
				CODE_SIGN_STYLE = Automatic;
				CURRENT_PROJECT_VERSION = 1;
				DEVELOPMENT_TEAM = VYAJJN8S73;
				GENERATE_INFOPLIST_FILE = YES;
				MARKETING_VERSION = 1.0;
				PRODUCT_BUNDLE_IDENTIFIER = com.vivekios.TwitterSwiftUIUITests;
				PRODUCT_NAME = "$(TARGET_NAME)";
				SWIFT_EMIT_LOC_STRINGS = NO;
				SWIFT_VERSION = 5.0;
				TARGETED_DEVICE_FAMILY = "1,2";
				TEST_TARGET_NAME = TwitterSwiftUI;
			};
			name = Release;
		};
/* End XCBuildConfiguration section */

/* Begin XCConfigurationList section */
		C2B438182AF3AE90008F7EA6 /* Build configuration list for PBXProject "TwitterSwiftUI" */ = {
			isa = XCConfigurationList;
			buildConfigurations = (
				C2B4383F2AF3AE91008F7EA6 /* Debug */,
				C2B438402AF3AE91008F7EA6 /* Release */,
			);
			defaultConfigurationIsVisible = 0;
			defaultConfigurationName = Release;
		};
		C2B438412AF3AE91008F7EA6 /* Build configuration list for PBXNativeTarget "TwitterSwiftUI" */ = {
			isa = XCConfigurationList;
			buildConfigurations = (
				C2B438422AF3AE91008F7EA6 /* Debug */,
				C2B438432AF3AE91008F7EA6 /* Release */,
			);
			defaultConfigurationIsVisible = 0;
			defaultConfigurationName = Release;
		};
		C2B438442AF3AE91008F7EA6 /* Build configuration list for PBXNativeTarget "TwitterSwiftUITests" */ = {
			isa = XCConfigurationList;
			buildConfigurations = (
				C2B438452AF3AE91008F7EA6 /* Debug */,
				C2B438462AF3AE91008F7EA6 /* Release */,
			);
			defaultConfigurationIsVisible = 0;
			defaultConfigurationName = Release;
		};
		C2B438472AF3AE91008F7EA6 /* Build configuration list for PBXNativeTarget "TwitterSwiftUIUITests" */ = {
			isa = XCConfigurationList;
			buildConfigurations = (
				C2B438482AF3AE91008F7EA6 /* Debug */,
				C2B438492AF3AE91008F7EA6 /* Release */,
			);
			defaultConfigurationIsVisible = 0;
			defaultConfigurationName = Release;
		};
/* End XCConfigurationList section */
	};
	rootObject = C2B438152AF3AE90008F7EA6 /* Project object */;
}
