// !$*UTF8*$!
{
	archiveVersion = 1;
	classes = {
	};
	objectVersion = 56;
	objects = {

/* Begin PBXBuildFile section */
		C201FD7C2AF659740075110A /* SideMenuRowOptionView.swift in Sources */ = {isa = PBXBuildFile; fileRef = C201FD7B2AF659740075110A /* SideMenuRowOptionView.swift */; };
		C201FD832AF7069D0075110A /* TextArea.swift in Sources */ = {isa = PBXBuildFile; fileRef = C201FD822AF7069D0075110A /* TextArea.swift */; };
		C21CB7082B0A7F9C00B26CB3 /* videoTimeline.json in Resources */ = {isa = PBXBuildFile; fileRef = C21CB7072B0A7F9C00B26CB3 /* videoTimeline.json */; };
		C21CB70A2B0A7FAF00B26CB3 /* photoTimeline.json in Resources */ = {isa = PBXBuildFile; fileRef = C21CB7092B0A7FAF00B26CB3 /* photoTimeline.json */; };
		C21CB70D2B0A880F00B26CB3 /* NetworkManager.swift in Sources */ = {isa = PBXBuildFile; fileRef = C21CB70C2B0A880F00B26CB3 /* NetworkManager.swift */; };
		C2AF75B52AF55E7200CB1D3A /* SideMenuView.swift in Sources */ = {isa = PBXBuildFile; fileRef = C2AF75B42AF55E7200CB1D3A /* SideMenuView.swift */; };
		C2AF75B72AF55E8700CB1D3A /* SideMenuRowView.swift in Sources */ = {isa = PBXBuildFile; fileRef = C2AF75B62AF55E8700CB1D3A /* SideMenuRowView.swift */; };
		C2AF75B92AF55E9E00CB1D3A /* SideMenuViewModel.swift in Sources */ = {isa = PBXBuildFile; fileRef = C2AF75B82AF55E9E00CB1D3A /* SideMenuViewModel.swift */; };
		C2AF75BB2AF562B900CB1D3A /* UserStatsView.swift in Sources */ = {isa = PBXBuildFile; fileRef = C2AF75BA2AF562B900CB1D3A /* UserStatsView.swift */; };
		C2AF75BD2AF56D3900CB1D3A /* FeedViewModel.swift in Sources */ = {isa = PBXBuildFile; fileRef = C2AF75BC2AF56D3900CB1D3A /* FeedViewModel.swift */; };
		C2B438212AF3AE90008F7EA6 /* TwitterSwiftUIApp.swift in Sources */ = {isa = PBXBuildFile; fileRef = C2B438202AF3AE90008F7EA6 /* TwitterSwiftUIApp.swift */; };
		C2B438232AF3AE90008F7EA6 /* ContentView.swift in Sources */ = {isa = PBXBuildFile; fileRef = C2B438222AF3AE90008F7EA6 /* ContentView.swift */; };
		C2B438252AF3AE91008F7EA6 /* Assets.xcassets in Resources */ = {isa = PBXBuildFile; fileRef = C2B438242AF3AE91008F7EA6 /* Assets.xcassets */; };
		C2B438282AF3AE91008F7EA6 /* Preview Assets.xcassets in Resources */ = {isa = PBXBuildFile; fileRef = C2B438272AF3AE91008F7EA6 /* Preview Assets.xcassets */; };
		C2B438322AF3AE91008F7EA6 /* TwitterSwiftUITests.swift in Sources */ = {isa = PBXBuildFile; fileRef = C2B438312AF3AE91008F7EA6 /* TwitterSwiftUITests.swift */; };
		C2B4383C2AF3AE91008F7EA6 /* TwitterSwiftUIUITests.swift in Sources */ = {isa = PBXBuildFile; fileRef = C2B4383B2AF3AE91008F7EA6 /* TwitterSwiftUIUITests.swift */; };
		C2B4383E2AF3AE91008F7EA6 /* TwitterSwiftUIUITestsLaunchTests.swift in Sources */ = {isa = PBXBuildFile; fileRef = C2B4383D2AF3AE91008F7EA6 /* TwitterSwiftUIUITestsLaunchTests.swift */; };
		C2B438532AF3F60B008F7EA6 /* FeedView.swift in Sources */ = {isa = PBXBuildFile; fileRef = C2B438522AF3F60B008F7EA6 /* FeedView.swift */; };
		C2B438562AF3F72F008F7EA6 /* TweetRowView.swift in Sources */ = {isa = PBXBuildFile; fileRef = C2B438552AF3F72F008F7EA6 /* TweetRowView.swift */; };
		C2B438932AF41CFB008F7EA6 /* MainTabView.swift in Sources */ = {isa = PBXBuildFile; fileRef = C2B438922AF41CFB008F7EA6 /* MainTabView.swift */; };
		C2B4389A2AF41EDC008F7EA6 /* ProfileView.swift in Sources */ = {isa = PBXBuildFile; fileRef = C2B438992AF41EDC008F7EA6 /* ProfileView.swift */; };
		C2B4389C2AF41EE3008F7EA6 /* ExploreView.swift in Sources */ = {isa = PBXBuildFile; fileRef = C2B4389B2AF41EE3008F7EA6 /* ExploreView.swift */; };
		C2B4389E2AF41EEC008F7EA6 /* NotificationsView.swift in Sources */ = {isa = PBXBuildFile; fileRef = C2B4389D2AF41EEC008F7EA6 /* NotificationsView.swift */; };
		C2B438A02AF41EF5008F7EA6 /* MessagesView.swift in Sources */ = {isa = PBXBuildFile; fileRef = C2B4389F2AF41EF5008F7EA6 /* MessagesView.swift */; };
		C2B438A32AF41F8F008F7EA6 /* CommunitiesView.swift in Sources */ = {isa = PBXBuildFile; fileRef = C2B438A22AF41F8F008F7EA6 /* CommunitiesView.swift */; };
		C2B438A82AF42B0C008F7EA6 /* TweetFilterViewModel.swift in Sources */ = {isa = PBXBuildFile; fileRef = C2B438A72AF42B0C008F7EA6 /* TweetFilterViewModel.swift */; };
		C2B438AE2AF4314B008F7EA6 /* UserRowView.swift in Sources */ = {isa = PBXBuildFile; fileRef = C2B438AD2AF4314B008F7EA6 /* UserRowView.swift */; };
		C2D191752B0948D500B87385 /* NewTweetViewModel.swift in Sources */ = {isa = PBXBuildFile; fileRef = C2D1916F2B0948D500B87385 /* NewTweetViewModel.swift */; };
		C2D191762B0948D500B87385 /* QuickAccessBar.swift in Sources */ = {isa = PBXBuildFile; fileRef = C2D191712B0948D500B87385 /* QuickAccessBar.swift */; };
		C2D191772B0948D500B87385 /* KeyboardAwareModifier.swift in Sources */ = {isa = PBXBuildFile; fileRef = C2D191722B0948D500B87385 /* KeyboardAwareModifier.swift */; };
		C2D191782B0948D500B87385 /* NewTweetView.swift in Sources */ = {isa = PBXBuildFile; fileRef = C2D191732B0948D500B87385 /* NewTweetView.swift */; };
		C2D191792B0948D500B87385 /* MediaView.swift in Sources */ = {isa = PBXBuildFile; fileRef = C2D191742B0948D500B87385 /* MediaView.swift */; };
		C2D1917B2B09492A00B87385 /* timeline.json in Resources */ = {isa = PBXBuildFile; fileRef = C2D1917A2B09492A00B87385 /* timeline.json */; };
		C2D1917D2B09497900B87385 /* FeedModel.swift in Sources */ = {isa = PBXBuildFile; fileRef = C2D1917C2B09497900B87385 /* FeedModel.swift */; };
		C2E909B12B0AD7EB0042DC48 /* README.md in Resources */ = {isa = PBXBuildFile; fileRef = C2E909B02B0AD7EB0042DC48 /* README.md */; };
		C2FB85392B0AB778003088B2 /* Constants.swift in Sources */ = {isa = PBXBuildFile; fileRef = C2FB85382B0AB778003088B2 /* Constants.swift */; };
		C2FB853B2B0ABA31003088B2 /* NetworkError.swift in Sources */ = {isa = PBXBuildFile; fileRef = C2FB853A2B0ABA31003088B2 /* NetworkError.swift */; };
		C2FB853D2B0ABEE8003088B2 /* profileTimeline.json in Sources */ = {isa = PBXBuildFile; fileRef = C2FB853C2B0ABEE8003088B2 /* profileTimeline.json */; };
		C2FB853F2B0ABF22003088B2 /* ProfileViewModel.swift in Sources */ = {isa = PBXBuildFile; fileRef = C2FB853E2B0ABF22003088B2 /* ProfileViewModel.swift */; };
/* End PBXBuildFile section */

/* Begin PBXContainerItemProxy section */
		C2B4382E2AF3AE91008F7EA6 /* PBXContainerItemProxy */ = {
			isa = PBXContainerItemProxy;
			containerPortal = C2B438152AF3AE90008F7EA6 /* Project object */;
			proxyType = 1;
			remoteGlobalIDString = C2B4381C2AF3AE90008F7EA6;
			remoteInfo = TwitterSwiftUI;
		};
		C2B438382AF3AE91008F7EA6 /* PBXContainerItemProxy */ = {
			isa = PBXContainerItemProxy;
			containerPortal = C2B438152AF3AE90008F7EA6 /* Project object */;
			proxyType = 1;
			remoteGlobalIDString = C2B4381C2AF3AE90008F7EA6;
			remoteInfo = TwitterSwiftUI;
		};
/* End PBXContainerItemProxy section */

/* Begin PBXFileReference section */
		C201FD7B2AF659740075110A /* SideMenuRowOptionView.swift */ = {isa = PBXFileReference; lastKnownFileType = sourcecode.swift; path = SideMenuRowOptionView.swift; sourceTree = "<group>"; };
		C201FD822AF7069D0075110A /* TextArea.swift */ = {isa = PBXFileReference; lastKnownFileType = sourcecode.swift; path = TextArea.swift; sourceTree = "<group>"; };
		C21CB7072B0A7F9C00B26CB3 /* videoTimeline.json */ = {isa = PBXFileReference; fileEncoding = 4; lastKnownFileType = text.json; path = videoTimeline.json; sourceTree = "<group>"; };
		C21CB7092B0A7FAF00B26CB3 /* photoTimeline.json */ = {isa = PBXFileReference; fileEncoding = 4; lastKnownFileType = text.json; path = photoTimeline.json; sourceTree = "<group>"; };
		C21CB70C2B0A880F00B26CB3 /* NetworkManager.swift */ = {isa = PBXFileReference; lastKnownFileType = sourcecode.swift; path = NetworkManager.swift; sourceTree = "<group>"; };
		C21CB70F2B0A97C800B26CB3 /* .swiftlint.yml */ = {isa = PBXFileReference; lastKnownFileType = text.yaml; path = .swiftlint.yml; sourceTree = "<group>"; };
		C2AF75B42AF55E7200CB1D3A /* SideMenuView.swift */ = {isa = PBXFileReference; lastKnownFileType = sourcecode.swift; path = SideMenuView.swift; sourceTree = "<group>"; };
		C2AF75B62AF55E8700CB1D3A /* SideMenuRowView.swift */ = {isa = PBXFileReference; lastKnownFileType = sourcecode.swift; path = SideMenuRowView.swift; sourceTree = "<group>"; };
		C2AF75B82AF55E9E00CB1D3A /* SideMenuViewModel.swift */ = {isa = PBXFileReference; lastKnownFileType = sourcecode.swift; path = SideMenuViewModel.swift; sourceTree = "<group>"; };
		C2AF75BA2AF562B900CB1D3A /* UserStatsView.swift */ = {isa = PBXFileReference; lastKnownFileType = sourcecode.swift; path = UserStatsView.swift; sourceTree = "<group>"; };
		C2AF75BC2AF56D3900CB1D3A /* FeedViewModel.swift */ = {isa = PBXFileReference; lastKnownFileType = sourcecode.swift; path = FeedViewModel.swift; sourceTree = "<group>"; };
		C2B4381D2AF3AE90008F7EA6 /* TwitterSwiftUI.app */ = {isa = PBXFileReference; explicitFileType = wrapper.application; includeInIndex = 0; path = TwitterSwiftUI.app; sourceTree = BUILT_PRODUCTS_DIR; };
		C2B438202AF3AE90008F7EA6 /* TwitterSwiftUIApp.swift */ = {isa = PBXFileReference; lastKnownFileType = sourcecode.swift; path = TwitterSwiftUIApp.swift; sourceTree = "<group>"; };
		C2B438222AF3AE90008F7EA6 /* ContentView.swift */ = {isa = PBXFileReference; lastKnownFileType = sourcecode.swift; path = ContentView.swift; sourceTree = "<group>"; };
		C2B438242AF3AE91008F7EA6 /* Assets.xcassets */ = {isa = PBXFileReference; lastKnownFileType = folder.assetcatalog; path = Assets.xcassets; sourceTree = "<group>"; };
		C2B438272AF3AE91008F7EA6 /* Preview Assets.xcassets */ = {isa = PBXFileReference; lastKnownFileType = folder.assetcatalog; path = "Preview Assets.xcassets"; sourceTree = "<group>"; };
		C2B4382D2AF3AE91008F7EA6 /* TwitterSwiftUITests.xctest */ = {isa = PBXFileReference; explicitFileType = wrapper.cfbundle; includeInIndex = 0; path = TwitterSwiftUITests.xctest; sourceTree = BUILT_PRODUCTS_DIR; };
		C2B438312AF3AE91008F7EA6 /* TwitterSwiftUITests.swift */ = {isa = PBXFileReference; lastKnownFileType = sourcecode.swift; path = TwitterSwiftUITests.swift; sourceTree = "<group>"; };
		C2B438372AF3AE91008F7EA6 /* TwitterSwiftUIUITests.xctest */ = {isa = PBXFileReference; explicitFileType = wrapper.cfbundle; includeInIndex = 0; path = TwitterSwiftUIUITests.xctest; sourceTree = BUILT_PRODUCTS_DIR; };
		C2B4383B2AF3AE91008F7EA6 /* TwitterSwiftUIUITests.swift */ = {isa = PBXFileReference; lastKnownFileType = sourcecode.swift; path = TwitterSwiftUIUITests.swift; sourceTree = "<group>"; };
		C2B4383D2AF3AE91008F7EA6 /* TwitterSwiftUIUITestsLaunchTests.swift */ = {isa = PBXFileReference; lastKnownFileType = sourcecode.swift; path = TwitterSwiftUIUITestsLaunchTests.swift; sourceTree = "<group>"; };
		C2B438522AF3F60B008F7EA6 /* FeedView.swift */ = {isa = PBXFileReference; lastKnownFileType = sourcecode.swift; path = FeedView.swift; sourceTree = "<group>"; };
		C2B438552AF3F72F008F7EA6 /* TweetRowView.swift */ = {isa = PBXFileReference; lastKnownFileType = sourcecode.swift; path = TweetRowView.swift; sourceTree = "<group>"; };
		C2B438922AF41CFB008F7EA6 /* MainTabView.swift */ = {isa = PBXFileReference; lastKnownFileType = sourcecode.swift; path = MainTabView.swift; sourceTree = "<group>"; };
		C2B438992AF41EDC008F7EA6 /* ProfileView.swift */ = {isa = PBXFileReference; lastKnownFileType = sourcecode.swift; path = ProfileView.swift; sourceTree = "<group>"; };
		C2B4389B2AF41EE3008F7EA6 /* ExploreView.swift */ = {isa = PBXFileReference; lastKnownFileType = sourcecode.swift; path = ExploreView.swift; sourceTree = "<group>"; };
		C2B4389D2AF41EEC008F7EA6 /* NotificationsView.swift */ = {isa = PBXFileReference; lastKnownFileType = sourcecode.swift; path = NotificationsView.swift; sourceTree = "<group>"; };
		C2B4389F2AF41EF5008F7EA6 /* MessagesView.swift */ = {isa = PBXFileReference; lastKnownFileType = sourcecode.swift; path = MessagesView.swift; sourceTree = "<group>"; };
		C2B438A22AF41F8F008F7EA6 /* CommunitiesView.swift */ = {isa = PBXFileReference; lastKnownFileType = sourcecode.swift; path = CommunitiesView.swift; sourceTree = "<group>"; };
		C2B438A72AF42B0C008F7EA6 /* TweetFilterViewModel.swift */ = {isa = PBXFileReference; lastKnownFileType = sourcecode.swift; path = TweetFilterViewModel.swift; sourceTree = "<group>"; };
		C2B438AD2AF4314B008F7EA6 /* UserRowView.swift */ = {isa = PBXFileReference; lastKnownFileType = sourcecode.swift; path = UserRowView.swift; sourceTree = "<group>"; };
		C2D1916F2B0948D500B87385 /* NewTweetViewModel.swift */ = {isa = PBXFileReference; fileEncoding = 4; lastKnownFileType = sourcecode.swift; path = NewTweetViewModel.swift; sourceTree = "<group>"; };
		C2D191712B0948D500B87385 /* QuickAccessBar.swift */ = {isa = PBXFileReference; fileEncoding = 4; lastKnownFileType = sourcecode.swift; path = QuickAccessBar.swift; sourceTree = "<group>"; };
		C2D191722B0948D500B87385 /* KeyboardAwareModifier.swift */ = {isa = PBXFileReference; fileEncoding = 4; lastKnownFileType = sourcecode.swift; path = KeyboardAwareModifier.swift; sourceTree = "<group>"; };
		C2D191732B0948D500B87385 /* NewTweetView.swift */ = {isa = PBXFileReference; fileEncoding = 4; lastKnownFileType = sourcecode.swift; path = NewTweetView.swift; sourceTree = "<group>"; };
		C2D191742B0948D500B87385 /* MediaView.swift */ = {isa = PBXFileReference; fileEncoding = 4; lastKnownFileType = sourcecode.swift; path = MediaView.swift; sourceTree = "<group>"; };
		C2D1917A2B09492A00B87385 /* timeline.json */ = {isa = PBXFileReference; fileEncoding = 4; lastKnownFileType = text.json; path = timeline.json; sourceTree = "<group>"; };
		C2D1917C2B09497900B87385 /* FeedModel.swift */ = {isa = PBXFileReference; lastKnownFileType = sourcecode.swift; path = FeedModel.swift; sourceTree = "<group>"; };
		C2E909B02B0AD7EB0042DC48 /* README.md */ = {isa = PBXFileReference; lastKnownFileType = net.daringfireball.markdown; path = README.md; sourceTree = "<group>"; };
		C2FB85382B0AB778003088B2 /* Constants.swift */ = {isa = PBXFileReference; lastKnownFileType = sourcecode.swift; path = Constants.swift; sourceTree = "<group>"; };
		C2FB853A2B0ABA31003088B2 /* NetworkError.swift */ = {isa = PBXFileReference; lastKnownFileType = sourcecode.swift; path = NetworkError.swift; sourceTree = "<group>"; };
		C2FB853C2B0ABEE8003088B2 /* profileTimeline.json */ = {isa = PBXFileReference; lastKnownFileType = text.json; path = profileTimeline.json; sourceTree = "<group>"; };
		C2FB853E2B0ABF22003088B2 /* ProfileViewModel.swift */ = {isa = PBXFileReference; lastKnownFileType = sourcecode.swift; path = ProfileViewModel.swift; sourceTree = "<group>"; };
/* End PBXFileReference section */

/* Begin PBXFrameworksBuildPhase section */
		C2B4381A2AF3AE90008F7EA6 /* Frameworks */ = {
			isa = PBXFrameworksBuildPhase;
			buildActionMask = 2147483647;
			files = (
			);
			runOnlyForDeploymentPostprocessing = 0;
		};
		C2B4382A2AF3AE91008F7EA6 /* Frameworks */ = {
			isa = PBXFrameworksBuildPhase;
			buildActionMask = 2147483647;
			files = (
			);
			runOnlyForDeploymentPostprocessing = 0;
		};
		C2B438342AF3AE91008F7EA6 /* Frameworks */ = {
			isa = PBXFrameworksBuildPhase;
			buildActionMask = 2147483647;
			files = (
			);
			runOnlyForDeploymentPostprocessing = 0;
		};
/* End PBXFrameworksBuildPhase section */

/* Begin PBXGroup section */
		C21CB70B2B0A87FC00B26CB3 /* NetworkManager */ = {
			isa = PBXGroup;
			children = (
				C21CB70C2B0A880F00B26CB3 /* NetworkManager.swift */,
				C2FB853A2B0ABA31003088B2 /* NetworkError.swift */,
			);
			path = NetworkManager;
			sourceTree = "<group>";
		};
		C2AF75B12AF55E5800CB1D3A /* SideMenu */ = {
			isa = PBXGroup;
			children = (
				C2AF75B32AF55E6200CB1D3A /* Views */,
				C2AF75B22AF55E5D00CB1D3A /* ViewModels */,
			);
			path = SideMenu;
			sourceTree = "<group>";
		};
		C2AF75B22AF55E5D00CB1D3A /* ViewModels */ = {
			isa = PBXGroup;
			children = (
				C2AF75B82AF55E9E00CB1D3A /* SideMenuViewModel.swift */,
			);
			path = ViewModels;
			sourceTree = "<group>";
		};
		C2AF75B32AF55E6200CB1D3A /* Views */ = {
			isa = PBXGroup;
			children = (
				C2AF75B42AF55E7200CB1D3A /* SideMenuView.swift */,
				C2AF75B62AF55E8700CB1D3A /* SideMenuRowView.swift */,
				C201FD7B2AF659740075110A /* SideMenuRowOptionView.swift */,
			);
			path = Views;
			sourceTree = "<group>";
		};
		C2B438142AF3AE90008F7EA6 = {
			isa = PBXGroup;
			children = (
				C2B4381F2AF3AE90008F7EA6 /* TwitterSwiftUI */,
				C2B438302AF3AE91008F7EA6 /* TwitterSwiftUITests */,
				C2B4383A2AF3AE91008F7EA6 /* TwitterSwiftUIUITests */,
				C2B4381E2AF3AE90008F7EA6 /* Products */,
			);
			sourceTree = "<group>";
		};
		C2B4381E2AF3AE90008F7EA6 /* Products */ = {
			isa = PBXGroup;
			children = (
				C2B4381D2AF3AE90008F7EA6 /* TwitterSwiftUI.app */,
				C2B4382D2AF3AE91008F7EA6 /* TwitterSwiftUITests.xctest */,
				C2B438372AF3AE91008F7EA6 /* TwitterSwiftUIUITests.xctest */,
			);
			name = Products;
			sourceTree = "<group>";
		};
		C2B4381F2AF3AE90008F7EA6 /* TwitterSwiftUI */ = {
			isa = PBXGroup;
			children = (
				C2E909B02B0AD7EB0042DC48 /* README.md */,
				C2FB85372B0AB76D003088B2 /* Constants */,
				C21CB70B2B0A87FC00B26CB3 /* NetworkManager */,
				C2B4384C2AF3AF48008F7EA6 /* Model */,
				C2B4384B2AF3AF44008F7EA6 /* Service */,
				C2B4384A2AF3AF20008F7EA6 /* Core */,
				C2B438202AF3AE90008F7EA6 /* TwitterSwiftUIApp.swift */,
				C2B438222AF3AE90008F7EA6 /* ContentView.swift */,
				C21CB7092B0A7FAF00B26CB3 /* photoTimeline.json */,
				C2D1917A2B09492A00B87385 /* timeline.json */,
				C21CB7072B0A7F9C00B26CB3 /* videoTimeline.json */,
				C2FB853C2B0ABEE8003088B2 /* profileTimeline.json */,
				C2B438242AF3AE91008F7EA6 /* Assets.xcassets */,
				C2B438262AF3AE91008F7EA6 /* Preview Content */,
				C21CB70F2B0A97C800B26CB3 /* .swiftlint.yml */,
			);
			path = TwitterSwiftUI;
			sourceTree = "<group>";
		};
		C2B438262AF3AE91008F7EA6 /* Preview Content */ = {
			isa = PBXGroup;
			children = (
				C2B438272AF3AE91008F7EA6 /* Preview Assets.xcassets */,
			);
			path = "Preview Content";
			sourceTree = "<group>";
		};
		C2B438302AF3AE91008F7EA6 /* TwitterSwiftUITests */ = {
			isa = PBXGroup;
			children = (
				C2B438312AF3AE91008F7EA6 /* TwitterSwiftUITests.swift */,
			);
			path = TwitterSwiftUITests;
			sourceTree = "<group>";
		};
		C2B4383A2AF3AE91008F7EA6 /* TwitterSwiftUIUITests */ = {
			isa = PBXGroup;
			children = (
				C2B4383B2AF3AE91008F7EA6 /* TwitterSwiftUIUITests.swift */,
				C2B4383D2AF3AE91008F7EA6 /* TwitterSwiftUIUITestsLaunchTests.swift */,
			);
			path = TwitterSwiftUIUITests;
			sourceTree = "<group>";
		};
		C2B4384A2AF3AF20008F7EA6 /* Core */ = {
			isa = PBXGroup;
			children = (
				C2B4384F2AF3F5C3008F7EA6 /* Components */,
				C2D1916D2B0948D500B87385 /* New Tweet */,
				C2AF75B12AF55E5800CB1D3A /* SideMenu */,
				C2B438982AF41E8B008F7EA6 /* Profile */,
				C2B438972AF41E6F008F7EA6 /* Explore */,
				C2B438A12AF41F6D008F7EA6 /* CommunitiesView */,
				C2B438962AF41E6B008F7EA6 /* Notifications */,
				C2B438942AF41E58008F7EA6 /* Messages */,
				C2B438912AF41CE7008F7EA6 /* MainTab */,
				C2B4384E2AF3F5BC008F7EA6 /* Feed */,
			);
			path = Core;
			sourceTree = "<group>";
		};
		C2B4384B2AF3AF44008F7EA6 /* Service */ = {
			isa = PBXGroup;
			children = (
			);
			path = Service;
			sourceTree = "<group>";
		};
		C2B4384C2AF3AF48008F7EA6 /* Model */ = {
			isa = PBXGroup;
			children = (
				C2D1917C2B09497900B87385 /* FeedModel.swift */,
			);
			path = Model;
			sourceTree = "<group>";
		};
		C2B4384E2AF3F5BC008F7EA6 /* Feed */ = {
			isa = PBXGroup;
			children = (
				C2B438502AF3F5ED008F7EA6 /* ViewModels */,
				C2B438512AF3F5F2008F7EA6 /* View */,
			);
			path = Feed;
			sourceTree = "<group>";
		};
		C2B4384F2AF3F5C3008F7EA6 /* Components */ = {
			isa = PBXGroup;
			children = (
				C2B438AB2AF4312E008F7EA6 /* Users */,
				C2B438542AF3F71D008F7EA6 /* Tweets */,
				C201FD822AF7069D0075110A /* TextArea.swift */,
			);
			path = Components;
			sourceTree = "<group>";
		};
		C2B438502AF3F5ED008F7EA6 /* ViewModels */ = {
			isa = PBXGroup;
			children = (
				C2AF75BC2AF56D3900CB1D3A /* FeedViewModel.swift */,
			);
			path = ViewModels;
			sourceTree = "<group>";
		};
		C2B438512AF3F5F2008F7EA6 /* View */ = {
			isa = PBXGroup;
			children = (
				C2B438522AF3F60B008F7EA6 /* FeedView.swift */,
			);
			path = View;
			sourceTree = "<group>";
		};
		C2B438542AF3F71D008F7EA6 /* Tweets */ = {
			isa = PBXGroup;
			children = (
				C2B438552AF3F72F008F7EA6 /* TweetRowView.swift */,
			);
			path = Tweets;
			sourceTree = "<group>";
		};
		C2B438912AF41CE7008F7EA6 /* MainTab */ = {
			isa = PBXGroup;
			children = (
				C2B438922AF41CFB008F7EA6 /* MainTabView.swift */,
			);
			path = MainTab;
			sourceTree = "<group>";
		};
		C2B438942AF41E58008F7EA6 /* Messages */ = {
			isa = PBXGroup;
			children = (
				C2B4389F2AF41EF5008F7EA6 /* MessagesView.swift */,
			);
			path = Messages;
			sourceTree = "<group>";
		};
		C2B438962AF41E6B008F7EA6 /* Notifications */ = {
			isa = PBXGroup;
			children = (
				C2B4389D2AF41EEC008F7EA6 /* NotificationsView.swift */,
			);
			path = Notifications;
			sourceTree = "<group>";
		};
		C2B438972AF41E6F008F7EA6 /* Explore */ = {
			isa = PBXGroup;
			children = (
				C2B438AA2AF43120008F7EA6 /* ViewModels */,
				C2B438A92AF4311B008F7EA6 /* Views */,
				C2B4389B2AF41EE3008F7EA6 /* ExploreView.swift */,
			);
			path = Explore;
			sourceTree = "<group>";
		};
		C2B438982AF41E8B008F7EA6 /* Profile */ = {
			isa = PBXGroup;
			children = (
				C2B438A52AF420EC008F7EA6 /* Views */,
				C2B438A42AF420E2008F7EA6 /* ViewModels */,
			);
			path = Profile;
			sourceTree = "<group>";
		};
		C2B438A12AF41F6D008F7EA6 /* CommunitiesView */ = {
			isa = PBXGroup;
			children = (
				C2B438A22AF41F8F008F7EA6 /* CommunitiesView.swift */,
			);
			path = CommunitiesView;
			sourceTree = "<group>";
		};
		C2B438A42AF420E2008F7EA6 /* ViewModels */ = {
			isa = PBXGroup;
			children = (
				C2B438A72AF42B0C008F7EA6 /* TweetFilterViewModel.swift */,
				C2FB853E2B0ABF22003088B2 /* ProfileViewModel.swift */,
			);
			path = ViewModels;
			sourceTree = "<group>";
		};
		C2B438A52AF420EC008F7EA6 /* Views */ = {
			isa = PBXGroup;
			children = (
				C2B438992AF41EDC008F7EA6 /* ProfileView.swift */,
			);
			path = Views;
			sourceTree = "<group>";
		};
		C2B438A92AF4311B008F7EA6 /* Views */ = {
			isa = PBXGroup;
			children = (
			);
			path = Views;
			sourceTree = "<group>";
		};
		C2B438AA2AF43120008F7EA6 /* ViewModels */ = {
			isa = PBXGroup;
			children = (
			);
			path = ViewModels;
			sourceTree = "<group>";
		};
		C2B438AB2AF4312E008F7EA6 /* Users */ = {
			isa = PBXGroup;
			children = (
				C2B438AD2AF4314B008F7EA6 /* UserRowView.swift */,
				C2AF75BA2AF562B900CB1D3A /* UserStatsView.swift */,
			);
			path = Users;
			sourceTree = "<group>";
		};
		C2D1916D2B0948D500B87385 /* New Tweet */ = {
			isa = PBXGroup;
			children = (
				C2D1916E2B0948D500B87385 /* ViewModels */,
				C2D191702B0948D500B87385 /* Views */,
			);
			path = "New Tweet";
			sourceTree = "<group>";
		};
		C2D1916E2B0948D500B87385 /* ViewModels */ = {
			isa = PBXGroup;
			children = (
				C2D1916F2B0948D500B87385 /* NewTweetViewModel.swift */,
			);
			path = ViewModels;
			sourceTree = "<group>";
		};
		C2D191702B0948D500B87385 /* Views */ = {
			isa = PBXGroup;
			children = (
				C2D191712B0948D500B87385 /* QuickAccessBar.swift */,
				C2D191722B0948D500B87385 /* KeyboardAwareModifier.swift */,
				C2D191732B0948D500B87385 /* NewTweetView.swift */,
				C2D191742B0948D500B87385 /* MediaView.swift */,
			);
			path = Views;
			sourceTree = "<group>";
		};
		C2FB85372B0AB76D003088B2 /* Constants */ = {
			isa = PBXGroup;
			children = (
				C2FB85382B0AB778003088B2 /* Constants.swift */,
			);
			path = Constants;
			sourceTree = "<group>";
		};
/* End PBXGroup section */

/* Begin PBXNativeTarget section */
		C2B4381C2AF3AE90008F7EA6 /* TwitterSwiftUI */ = {
			isa = PBXNativeTarget;
			buildConfigurationList = C2B438412AF3AE91008F7EA6 /* Build configuration list for PBXNativeTarget "TwitterSwiftUI" */;
			buildPhases = (
				C2B438192AF3AE90008F7EA6 /* Sources */,
				C2B4381A2AF3AE90008F7EA6 /* Frameworks */,
				C2B4381B2AF3AE90008F7EA6 /* Resources */,
			);
			buildRules = (
			);
			dependencies = (
			);
			name = TwitterSwiftUI;
			productName = TwitterSwiftUI;
			productReference = C2B4381D2AF3AE90008F7EA6 /* TwitterSwiftUI.app */;
			productType = "com.apple.product-type.application";
		};
		C2B4382C2AF3AE91008F7EA6 /* TwitterSwiftUITests */ = {
			isa = PBXNativeTarget;
			buildConfigurationList = C2B438442AF3AE91008F7EA6 /* Build configuration list for PBXNativeTarget "TwitterSwiftUITests" */;
			buildPhases = (
				C2B438292AF3AE91008F7EA6 /* Sources */,
				C2B4382A2AF3AE91008F7EA6 /* Frameworks */,
				C2B4382B2AF3AE91008F7EA6 /* Resources */,
			);
			buildRules = (
			);
			dependencies = (
				C2B4382F2AF3AE91008F7EA6 /* PBXTargetDependency */,
			);
			name = TwitterSwiftUITests;
			productName = TwitterSwiftUITests;
			productReference = C2B4382D2AF3AE91008F7EA6 /* TwitterSwiftUITests.xctest */;
			productType = "com.apple.product-type.bundle.unit-test";
		};
		C2B438362AF3AE91008F7EA6 /* TwitterSwiftUIUITests */ = {
			isa = PBXNativeTarget;
			buildConfigurationList = C2B438472AF3AE91008F7EA6 /* Build configuration list for PBXNativeTarget "TwitterSwiftUIUITests" */;
			buildPhases = (
				C2B438332AF3AE91008F7EA6 /* Sources */,
				C2B438342AF3AE91008F7EA6 /* Frameworks */,
				C2B438352AF3AE91008F7EA6 /* Resources */,
			);
			buildRules = (
			);
			dependencies = (
				C2B438392AF3AE91008F7EA6 /* PBXTargetDependency */,
			);
			name = TwitterSwiftUIUITests;
			productName = TwitterSwiftUIUITests;
			productReference = C2B438372AF3AE91008F7EA6 /* TwitterSwiftUIUITests.xctest */;
			productType = "com.apple.product-type.bundle.ui-testing";
		};
/* End PBXNativeTarget section */

/* Begin PBXProject section */
		C2B438152AF3AE90008F7EA6 /* Project object */ = {
			isa = PBXProject;
			attributes = {
				BuildIndependentTargetsInParallel = 1;
				LastSwiftUpdateCheck = 1500;
				LastUpgradeCheck = 1500;
				TargetAttributes = {
					C2B4381C2AF3AE90008F7EA6 = {
						CreatedOnToolsVersion = 15.0;
					};
					C2B4382C2AF3AE91008F7EA6 = {
						CreatedOnToolsVersion = 15.0;
						TestTargetID = C2B4381C2AF3AE90008F7EA6;
					};
					C2B438362AF3AE91008F7EA6 = {
						CreatedOnToolsVersion = 15.0;
						TestTargetID = C2B4381C2AF3AE90008F7EA6;
					};
				};
			};
			buildConfigurationList = C2B438182AF3AE90008F7EA6 /* Build configuration list for PBXProject "TwitterSwiftUI" */;
			compatibilityVersion = "Xcode 14.0";
			developmentRegion = en;
			hasScannedForEncodings = 0;
			knownRegions = (
				en,
				Base,
			);
			mainGroup = C2B438142AF3AE90008F7EA6;
			packageReferences = (
				C213A7A42B0A9C8900F938B9 /* XCRemoteSwiftPackageReference "SwiftLint" */,
			);
			productRefGroup = C2B4381E2AF3AE90008F7EA6 /* Products */;
			projectDirPath = "";
			projectRoot = "";
			targets = (
				C2B4381C2AF3AE90008F7EA6 /* TwitterSwiftUI */,
				C2B4382C2AF3AE91008F7EA6 /* TwitterSwiftUITests */,
				C2B438362AF3AE91008F7EA6 /* TwitterSwiftUIUITests */,
			);
		};
/* End PBXProject section */

/* Begin PBXResourcesBuildPhase section */
		C2B4381B2AF3AE90008F7EA6 /* Resources */ = {
			isa = PBXResourcesBuildPhase;
			buildActionMask = 2147483647;
			files = (
				C2E909B12B0AD7EB0042DC48 /* README.md in Resources */,
				C21CB7082B0A7F9C00B26CB3 /* videoTimeline.json in Resources */,
				C2D1917B2B09492A00B87385 /* timeline.json in Resources */,
				C21CB70A2B0A7FAF00B26CB3 /* photoTimeline.json in Resources */,
				C2B438282AF3AE91008F7EA6 /* Preview Assets.xcassets in Resources */,
				C2B438252AF3AE91008F7EA6 /* Assets.xcassets in Resources */,
			);
			runOnlyForDeploymentPostprocessing = 0;
		};
		C2B4382B2AF3AE91008F7EA6 /* Resources */ = {
			isa = PBXResourcesBuildPhase;
			buildActionMask = 2147483647;
			files = (
			);
			runOnlyForDeploymentPostprocessing = 0;
		};
		C2B438352AF3AE91008F7EA6 /* Resources */ = {
			isa = PBXResourcesBuildPhase;
			buildActionMask = 2147483647;
			files = (
			);
			runOnlyForDeploymentPostprocessing = 0;
		};
/* End PBXResourcesBuildPhase section */

/* Begin PBXSourcesBuildPhase section */
		C2B438192AF3AE90008F7EA6 /* Sources */ = {
			isa = PBXSourcesBuildPhase;
			buildActionMask = 2147483647;
			files = (
				C2FB853D2B0ABEE8003088B2 /* profileTimeline.json in Sources */,
				C21CB70D2B0A880F00B26CB3 /* NetworkManager.swift in Sources */,
				C2FB853B2B0ABA31003088B2 /* NetworkError.swift in Sources */,
				C2B4389C2AF41EE3008F7EA6 /* ExploreView.swift in Sources */,
				C2AF75BD2AF56D3900CB1D3A /* FeedViewModel.swift in Sources */,
				C2D191752B0948D500B87385 /* NewTweetViewModel.swift in Sources */,
				C2D191762B0948D500B87385 /* QuickAccessBar.swift in Sources */,
				C2B438232AF3AE90008F7EA6 /* ContentView.swift in Sources */,
				C2B438A02AF41EF5008F7EA6 /* MessagesView.swift in Sources */,
				C2AF75B72AF55E8700CB1D3A /* SideMenuRowView.swift in Sources */,
				C2AF75B52AF55E7200CB1D3A /* SideMenuView.swift in Sources */,
				C201FD832AF7069D0075110A /* TextArea.swift in Sources */,
				C2FB853F2B0ABF22003088B2 /* ProfileViewModel.swift in Sources */,
				C2B438562AF3F72F008F7EA6 /* TweetRowView.swift in Sources */,
				C2FB85392B0AB778003088B2 /* Constants.swift in Sources */,
				C2B438532AF3F60B008F7EA6 /* FeedView.swift in Sources */,
				C2AF75BB2AF562B900CB1D3A /* UserStatsView.swift in Sources */,
				C2B438212AF3AE90008F7EA6 /* TwitterSwiftUIApp.swift in Sources */,
				C2B4389A2AF41EDC008F7EA6 /* ProfileView.swift in Sources */,
				C2B438932AF41CFB008F7EA6 /* MainTabView.swift in Sources */,
				C2B438A82AF42B0C008F7EA6 /* TweetFilterViewModel.swift in Sources */,
				C2D191772B0948D500B87385 /* KeyboardAwareModifier.swift in Sources */,
				C2B438A32AF41F8F008F7EA6 /* CommunitiesView.swift in Sources */,
				C2D191792B0948D500B87385 /* MediaView.swift in Sources */,
				C201FD7C2AF659740075110A /* SideMenuRowOptionView.swift in Sources */,
				C2D191782B0948D500B87385 /* NewTweetView.swift in Sources */,
				C2D1917D2B09497900B87385 /* FeedModel.swift in Sources */,
				C2B438AE2AF4314B008F7EA6 /* UserRowView.swift in Sources */,
				C2AF75B92AF55E9E00CB1D3A /* SideMenuViewModel.swift in Sources */,
				C2B4389E2AF41EEC008F7EA6 /* NotificationsView.swift in Sources */,
			);
			runOnlyForDeploymentPostprocessing = 0;
		};
		C2B438292AF3AE91008F7EA6 /* Sources */ = {
			isa = PBXSourcesBuildPhase;
			buildActionMask = 2147483647;
			files = (
				C2B438322AF3AE91008F7EA6 /* TwitterSwiftUITests.swift in Sources */,
			);
			runOnlyForDeploymentPostprocessing = 0;
		};
		C2B438332AF3AE91008F7EA6 /* Sources */ = {
			isa = PBXSourcesBuildPhase;
			buildActionMask = 2147483647;
			files = (
				C2B4383E2AF3AE91008F7EA6 /* TwitterSwiftUIUITestsLaunchTests.swift in Sources */,
				C2B4383C2AF3AE91008F7EA6 /* TwitterSwiftUIUITests.swift in Sources */,
			);
			runOnlyForDeploymentPostprocessing = 0;
		};
/* End PBXSourcesBuildPhase section */

/* Begin PBXTargetDependency section */
		C2B4382F2AF3AE91008F7EA6 /* PBXTargetDependency */ = {
			isa = PBXTargetDependency;
			target = C2B4381C2AF3AE90008F7EA6 /* TwitterSwiftUI */;
			targetProxy = C2B4382E2AF3AE91008F7EA6 /* PBXContainerItemProxy */;
		};
		C2B438392AF3AE91008F7EA6 /* PBXTargetDependency */ = {
			isa = PBXTargetDependency;
			target = C2B4381C2AF3AE90008F7EA6 /* TwitterSwiftUI */;
			targetProxy = C2B438382AF3AE91008F7EA6 /* PBXContainerItemProxy */;
		};
/* End PBXTargetDependency section */

/* Begin XCBuildConfiguration section */
		C2B4383F2AF3AE91008F7EA6 /* Debug */ = {
			isa = XCBuildConfiguration;
			buildSettings = {
				ALWAYS_SEARCH_USER_PATHS = NO;
				ASSETCATALOG_COMPILER_GENERATE_SWIFT_ASSET_SYMBOL_EXTENSIONS = YES;
				CLANG_ANALYZER_NONNULL = YES;
				CLANG_ANALYZER_NUMBER_OBJECT_CONVERSION = YES_AGGRESSIVE;
				CLANG_CXX_LANGUAGE_STANDARD = "gnu++20";
				CLANG_ENABLE_MODULES = YES;
				CLANG_ENABLE_OBJC_ARC = YES;
				CLANG_ENABLE_OBJC_WEAK = YES;
				CLANG_WARN_BLOCK_CAPTURE_AUTORELEASING = YES;
				CLANG_WARN_BOOL_CONVERSION = YES;
				CLANG_WARN_COMMA = YES;
				CLANG_WARN_CONSTANT_CONVERSION = YES;
				CLANG_WARN_DEPRECATED_OBJC_IMPLEMENTATIONS = YES;
				CLANG_WARN_DIRECT_OBJC_ISA_USAGE = YES_ERROR;
				CLANG_WARN_DOCUMENTATION_COMMENTS = YES;
				CLANG_WARN_EMPTY_BODY = YES;
				CLANG_WARN_ENUM_CONVERSION = YES;
				CLANG_WARN_INFINITE_RECURSION = YES;
				CLANG_WARN_INT_CONVERSION = YES;
				CLANG_WARN_NON_LITERAL_NULL_CONVERSION = YES;
				CLANG_WARN_OBJC_IMPLICIT_RETAIN_SELF = YES;
				CLANG_WARN_OBJC_LITERAL_CONVERSION = YES;
				CLANG_WARN_OBJC_ROOT_CLASS = YES_ERROR;
				CLANG_WARN_QUOTED_INCLUDE_IN_FRAMEWORK_HEADER = YES;
				CLANG_WARN_RANGE_LOOP_ANALYSIS = YES;
				CLANG_WARN_STRICT_PROTOTYPES = YES;
				CLANG_WARN_SUSPICIOUS_MOVE = YES;
				CLANG_WARN_UNGUARDED_AVAILABILITY = YES_AGGRESSIVE;
				CLANG_WARN_UNREACHABLE_CODE = YES;
				CLANG_WARN__DUPLICATE_METHOD_MATCH = YES;
				COPY_PHASE_STRIP = NO;
				DEBUG_INFORMATION_FORMAT = dwarf;
				ENABLE_STRICT_OBJC_MSGSEND = YES;
				ENABLE_TESTABILITY = YES;
				ENABLE_USER_SCRIPT_SANDBOXING = YES;
				GCC_C_LANGUAGE_STANDARD = gnu17;
				GCC_DYNAMIC_NO_PIC = NO;
				GCC_NO_COMMON_BLOCKS = YES;
				GCC_OPTIMIZATION_LEVEL = 0;
				GCC_PREPROCESSOR_DEFINITIONS = (
					"DEBUG=1",
					"$(inherited)",
				);
				GCC_WARN_64_TO_32_BIT_CONVERSION = YES;
				GCC_WARN_ABOUT_RETURN_TYPE = YES_ERROR;
				GCC_WARN_UNDECLARED_SELECTOR = YES;
				GCC_WARN_UNINITIALIZED_AUTOS = YES_AGGRESSIVE;
				GCC_WARN_UNUSED_FUNCTION = YES;
				GCC_WARN_UNUSED_VARIABLE = YES;
				IPHONEOS_DEPLOYMENT_TARGET = 17.0;
				LOCALIZATION_PREFERS_STRING_CATALOGS = YES;
				MTL_ENABLE_DEBUG_INFO = INCLUDE_SOURCE;
				MTL_FAST_MATH = YES;
				ONLY_ACTIVE_ARCH = YES;
				SDKROOT = iphoneos;
				SWIFT_ACTIVE_COMPILATION_CONDITIONS = "DEBUG $(inherited)";
				SWIFT_OPTIMIZATION_LEVEL = "-Onone";
			};
			name = Debug;
		};
		C2B438402AF3AE91008F7EA6 /* Release */ = {
			isa = XCBuildConfiguration;
			buildSettings = {
				ALWAYS_SEARCH_USER_PATHS = NO;
				ASSETCATALOG_COMPILER_GENERATE_SWIFT_ASSET_SYMBOL_EXTENSIONS = YES;
				CLANG_ANALYZER_NONNULL = YES;
				CLANG_ANALYZER_NUMBER_OBJECT_CONVERSION = YES_AGGRESSIVE;
				CLANG_CXX_LANGUAGE_STANDARD = "gnu++20";
				CLANG_ENABLE_MODULES = YES;
				CLANG_ENABLE_OBJC_ARC = YES;
				CLANG_ENABLE_OBJC_WEAK = YES;
				CLANG_WARN_BLOCK_CAPTURE_AUTORELEASING = YES;
				CLANG_WARN_BOOL_CONVERSION = YES;
				CLANG_WARN_COMMA = YES;
				CLANG_WARN_CONSTANT_CONVERSION = YES;
				CLANG_WARN_DEPRECATED_OBJC_IMPLEMENTATIONS = YES;
				CLANG_WARN_DIRECT_OBJC_ISA_USAGE = YES_ERROR;
				CLANG_WARN_DOCUMENTATION_COMMENTS = YES;
				CLANG_WARN_EMPTY_BODY = YES;
				CLANG_WARN_ENUM_CONVERSION = YES;
				CLANG_WARN_INFINITE_RECURSION = YES;
				CLANG_WARN_INT_CONVERSION = YES;
				CLANG_WARN_NON_LITERAL_NULL_CONVERSION = YES;
				CLANG_WARN_OBJC_IMPLICIT_RETAIN_SELF = YES;
				CLANG_WARN_OBJC_LITERAL_CONVERSION = YES;
				CLANG_WARN_OBJC_ROOT_CLASS = YES_ERROR;
				CLANG_WARN_QUOTED_INCLUDE_IN_FRAMEWORK_HEADER = YES;
				CLANG_WARN_RANGE_LOOP_ANALYSIS = YES;
				CLANG_WARN_STRICT_PROTOTYPES = YES;
				CLANG_WARN_SUSPICIOUS_MOVE = YES;
				CLANG_WARN_UNGUARDED_AVAILABILITY = YES_AGGRESSIVE;
				CLANG_WARN_UNREACHABLE_CODE = YES;
				CLANG_WARN__DUPLICATE_METHOD_MATCH = YES;
				COPY_PHASE_STRIP = NO;
				DEBUG_INFORMATION_FORMAT = "dwarf-with-dsym";
				ENABLE_NS_ASSERTIONS = NO;
				ENABLE_STRICT_OBJC_MSGSEND = YES;
				ENABLE_USER_SCRIPT_SANDBOXING = YES;
				GCC_C_LANGUAGE_STANDARD = gnu17;
				GCC_NO_COMMON_BLOCKS = YES;
				GCC_WARN_64_TO_32_BIT_CONVERSION = YES;
				GCC_WARN_ABOUT_RETURN_TYPE = YES_ERROR;
				GCC_WARN_UNDECLARED_SELECTOR = YES;
				GCC_WARN_UNINITIALIZED_AUTOS = YES_AGGRESSIVE;
				GCC_WARN_UNUSED_FUNCTION = YES;
				GCC_WARN_UNUSED_VARIABLE = YES;
				IPHONEOS_DEPLOYMENT_TARGET = 17.0;
				LOCALIZATION_PREFERS_STRING_CATALOGS = YES;
				MTL_ENABLE_DEBUG_INFO = NO;
				MTL_FAST_MATH = YES;
				SDKROOT = iphoneos;
				SWIFT_COMPILATION_MODE = wholemodule;
				VALIDATE_PRODUCT = YES;
			};
			name = Release;
		};
		C2B438422AF3AE91008F7EA6 /* Debug */ = {
			isa = XCBuildConfiguration;
			buildSettings = {
				ASSETCATALOG_COMPILER_APPICON_NAME = AppIcon;
				ASSETCATALOG_COMPILER_GLOBAL_ACCENT_COLOR_NAME = AccentColor;
				CODE_SIGN_STYLE = Automatic;
				CURRENT_PROJECT_VERSION = 1;
				DEVELOPMENT_ASSET_PATHS = "\"TwitterSwiftUI/Preview Content\"";
				DEVELOPMENT_TEAM = VYAJJN8S73;
				ENABLE_PREVIEWS = YES;
				GENERATE_INFOPLIST_FILE = YES;
				INFOPLIST_KEY_UIApplicationSceneManifest_Generation = YES;
				INFOPLIST_KEY_UIApplicationSupportsIndirectInputEvents = YES;
				INFOPLIST_KEY_UILaunchScreen_Generation = YES;
				INFOPLIST_KEY_UISupportedInterfaceOrientations_iPad = "UIInterfaceOrientationPortrait UIInterfaceOrientationPortraitUpsideDown UIInterfaceOrientationLandscapeLeft UIInterfaceOrientationLandscapeRight";
				INFOPLIST_KEY_UISupportedInterfaceOrientations_iPhone = "UIInterfaceOrientationPortrait UIInterfaceOrientationLandscapeLeft UIInterfaceOrientationLandscapeRight";
				LD_RUNPATH_SEARCH_PATHS = (
					"$(inherited)",
					"@executable_path/Frameworks",
				);
				MARKETING_VERSION = 1.0;
				PRODUCT_BUNDLE_IDENTIFIER = com.vivekios.TwitterSwiftUI;
				PRODUCT_NAME = "$(TARGET_NAME)";
				SWIFT_EMIT_LOC_STRINGS = YES;
				SWIFT_VERSION = 5.0;
				TARGETED_DEVICE_FAMILY = "1,2";
			};
			name = Debug;
		};
		C2B438432AF3AE91008F7EA6 /* Release */ = {
			isa = XCBuildConfiguration;
			buildSettings = {
				ASSETCATALOG_COMPILER_APPICON_NAME = AppIcon;
				ASSETCATALOG_COMPILER_GLOBAL_ACCENT_COLOR_NAME = AccentColor;
				CODE_SIGN_STYLE = Automatic;
				CURRENT_PROJECT_VERSION = 1;
				DEVELOPMENT_ASSET_PATHS = "\"TwitterSwiftUI/Preview Content\"";
				DEVELOPMENT_TEAM = VYAJJN8S73;
				ENABLE_PREVIEWS = YES;
				GENERATE_INFOPLIST_FILE = YES;
				INFOPLIST_KEY_UIApplicationSceneManifest_Generation = YES;
				INFOPLIST_KEY_UIApplicationSupportsIndirectInputEvents = YES;
				INFOPLIST_KEY_UILaunchScreen_Generation = YES;
				INFOPLIST_KEY_UISupportedInterfaceOrientations_iPad = "UIInterfaceOrientationPortrait UIInterfaceOrientationPortraitUpsideDown UIInterfaceOrientationLandscapeLeft UIInterfaceOrientationLandscapeRight";
				INFOPLIST_KEY_UISupportedInterfaceOrientations_iPhone = "UIInterfaceOrientationPortrait UIInterfaceOrientationLandscapeLeft UIInterfaceOrientationLandscapeRight";
				LD_RUNPATH_SEARCH_PATHS = (
					"$(inherited)",
					"@executable_path/Frameworks",
				);
				MARKETING_VERSION = 1.0;
				PRODUCT_BUNDLE_IDENTIFIER = com.vivekios.TwitterSwiftUI;
				PRODUCT_NAME = "$(TARGET_NAME)";
				SWIFT_EMIT_LOC_STRINGS = YES;
				SWIFT_VERSION = 5.0;
				TARGETED_DEVICE_FAMILY = "1,2";
			};
			name = Release;
		};
		C2B438452AF3AE91008F7EA6 /* Debug */ = {
			isa = XCBuildConfiguration;
			buildSettings = {
				ALWAYS_EMBED_SWIFT_STANDARD_LIBRARIES = YES;
				BUNDLE_LOADER = "$(TEST_HOST)";
				CODE_SIGN_STYLE = Automatic;
				CURRENT_PROJECT_VERSION = 1;
				DEVELOPMENT_TEAM = VYAJJN8S73;
				GENERATE_INFOPLIST_FILE = YES;
				IPHONEOS_DEPLOYMENT_TARGET = 17.0;
				MARKETING_VERSION = 1.0;
				PRODUCT_BUNDLE_IDENTIFIER = com.vivekios.TwitterSwiftUITests;
				PRODUCT_NAME = "$(TARGET_NAME)";
				SWIFT_EMIT_LOC_STRINGS = NO;
				SWIFT_VERSION = 5.0;
				TARGETED_DEVICE_FAMILY = "1,2";
				TEST_HOST = "$(BUILT_PRODUCTS_DIR)/TwitterSwiftUI.app/$(BUNDLE_EXECUTABLE_FOLDER_PATH)/TwitterSwiftUI";
			};
			name = Debug;
		};
		C2B438462AF3AE91008F7EA6 /* Release */ = {
			isa = XCBuildConfiguration;
			buildSettings = {
				ALWAYS_EMBED_SWIFT_STANDARD_LIBRARIES = YES;
				BUNDLE_LOADER = "$(TEST_HOST)";
				CODE_SIGN_STYLE = Automatic;
				CURRENT_PROJECT_VERSION = 1;
				DEVELOPMENT_TEAM = VYAJJN8S73;
				GENERATE_INFOPLIST_FILE = YES;
				IPHONEOS_DEPLOYMENT_TARGET = 17.0;
				MARKETING_VERSION = 1.0;
				PRODUCT_BUNDLE_IDENTIFIER = com.vivekios.TwitterSwiftUITests;
				PRODUCT_NAME = "$(TARGET_NAME)";
				SWIFT_EMIT_LOC_STRINGS = NO;
				SWIFT_VERSION = 5.0;
				TARGETED_DEVICE_FAMILY = "1,2";
				TEST_HOST = "$(BUILT_PRODUCTS_DIR)/TwitterSwiftUI.app/$(BUNDLE_EXECUTABLE_FOLDER_PATH)/TwitterSwiftUI";
			};
			name = Release;
		};
		C2B438482AF3AE91008F7EA6 /* Debug */ = {
			isa = XCBuildConfiguration;
			buildSettings = {
				ALWAYS_EMBED_SWIFT_STANDARD_LIBRARIES = YES;
				CODE_SIGN_STYLE = Automatic;
				CURRENT_PROJECT_VERSION = 1;
				DEVELOPMENT_TEAM = VYAJJN8S73;
				GENERATE_INFOPLIST_FILE = YES;
				MARKETING_VERSION = 1.0;
				PRODUCT_BUNDLE_IDENTIFIER = com.vivekios.TwitterSwiftUIUITests;
				PRODUCT_NAME = "$(TARGET_NAME)";
				SWIFT_EMIT_LOC_STRINGS = NO;
				SWIFT_VERSION = 5.0;
				TARGETED_DEVICE_FAMILY = "1,2";
				TEST_TARGET_NAME = TwitterSwiftUI;
			};
			name = Debug;
		};
		C2B438492AF3AE91008F7EA6 /* Release */ = {
			isa = XCBuildConfiguration;
			buildSettings = {
				ALWAYS_EMBED_SWIFT_STANDARD_LIBRARIES = YES;
				CODE_SIGN_STYLE = Automatic;
				CURRENT_PROJECT_VERSION = 1;
				DEVELOPMENT_TEAM = VYAJJN8S73;
				GENERATE_INFOPLIST_FILE = YES;
				MARKETING_VERSION = 1.0;
				PRODUCT_BUNDLE_IDENTIFIER = com.vivekios.TwitterSwiftUIUITests;
				PRODUCT_NAME = "$(TARGET_NAME)";
				SWIFT_EMIT_LOC_STRINGS = NO;
				SWIFT_VERSION = 5.0;
				TARGETED_DEVICE_FAMILY = "1,2";
				TEST_TARGET_NAME = TwitterSwiftUI;
			};
			name = Release;
		};
/* End XCBuildConfiguration section */

/* Begin XCConfigurationList section */
		C2B438182AF3AE90008F7EA6 /* Build configuration list for PBXProject "TwitterSwiftUI" */ = {
			isa = XCConfigurationList;
			buildConfigurations = (
				C2B4383F2AF3AE91008F7EA6 /* Debug */,
				C2B438402AF3AE91008F7EA6 /* Release */,
			);
			defaultConfigurationIsVisible = 0;
			defaultConfigurationName = Release;
		};
		C2B438412AF3AE91008F7EA6 /* Build configuration list for PBXNativeTarget "TwitterSwiftUI" */ = {
			isa = XCConfigurationList;
			buildConfigurations = (
				C2B438422AF3AE91008F7EA6 /* Debug */,
				C2B438432AF3AE91008F7EA6 /* Release */,
			);
			defaultConfigurationIsVisible = 0;
			defaultConfigurationName = Release;
		};
		C2B438442AF3AE91008F7EA6 /* Build configuration list for PBXNativeTarget "TwitterSwiftUITests" */ = {
			isa = XCConfigurationList;
			buildConfigurations = (
				C2B438452AF3AE91008F7EA6 /* Debug */,
				C2B438462AF3AE91008F7EA6 /* Release */,
			);
			defaultConfigurationIsVisible = 0;
			defaultConfigurationName = Release;
		};
		C2B438472AF3AE91008F7EA6 /* Build configuration list for PBXNativeTarget "TwitterSwiftUIUITests" */ = {
			isa = XCConfigurationList;
			buildConfigurations = (
				C2B438482AF3AE91008F7EA6 /* Debug */,
				C2B438492AF3AE91008F7EA6 /* Release */,
			);
			defaultConfigurationIsVisible = 0;
			defaultConfigurationName = Release;
		};
/* End XCConfigurationList section */

/* Begin XCRemoteSwiftPackageReference section */
		C213A7A42B0A9C8900F938B9 /* XCRemoteSwiftPackageReference "SwiftLint" */ = {
			isa = XCRemoteSwiftPackageReference;
			repositoryURL = "https://github.com/realm/SwiftLint.git";
			requirement = {
				kind = upToNextMajorVersion;
				minimumVersion = 0.54.0;
			};
		};
/* End XCRemoteSwiftPackageReference section */
	};
	rootObject = C2B438152AF3AE90008F7EA6 /* Project object */;
}
